
Microsoft Visual Studio Solution File, Format Version 12.00
# Visual Studio Version 17
VisualStudioVersion = 17.2.32602.215
MinimumVisualStudioVersion = 10.0.40219.1
Project("{FAE04EC0-301F-11D3-BF4B-00C04F79EFBC}") = "model_test", "model_test\model_test.csproj", "{B2C51703-6A7A-486D-B7B4-619440EC2FBC}"
EndProject
Project("{8BC9CEB8-8B4A-11D0-8D11-00A0C91BC942}") = "CppOpenVinoAPI", "CppOpenVinoAPI\CppOpenVinoAPI.vcxproj", "{7B91B65D-2C6D-4FEF-B484-005757723D47}"
EndProject
Project("{FAE04EC0-301F-11D3-BF4B-00C04F79EFBC}") = "PP-Human", "PP-Human\PP-Human.csproj", "{6CC1CAEC-9685-46FF-9051-1AA204F610FB}"
EndProject
Project("{FAE04EC0-301F-11D3-BF4B-00C04F79EFBC}") = "OpenVinoSharp", "OpenVinoSharp\OpenVinoSharp.csproj", "{C2124358-1370-4A18-81BD-63B803F371D0}"
EndProject
Global
	GlobalSection(SolutionConfigurationPlatforms) = preSolution
		Debug|Any CPU = Debug|Any CPU
		Debug|x64 = Debug|x64
		Debug|x86 = Debug|x86
		Release|Any CPU = Release|Any CPU
		Release|x64 = Release|x64
		Release|x86 = Release|x86
	EndGlobalSection
	GlobalSection(ProjectConfigurationPlatforms) = postSolution
		{B2C51703-6A7A-486D-B7B4-619440EC2FBC}.Debug|Any CPU.ActiveCfg = Debug|Any CPU
		{B2C51703-6A7A-486D-B7B4-619440EC2FBC}.Debug|Any CPU.Build.0 = Debug|Any CPU
		{B2C51703-6A7A-486D-B7B4-619440EC2FBC}.Debug|x64.ActiveCfg = Debug|Any CPU
		{B2C51703-6A7A-486D-B7B4-619440EC2FBC}.Debug|x64.Build.0 = Debug|Any CPU
		{B2C51703-6A7A-486D-B7B4-619440EC2FBC}.Debug|x86.ActiveCfg = Debug|Any CPU
		{B2C51703-6A7A-486D-B7B4-619440EC2FBC}.Debug|x86.Build.0 = Debug|Any CPU
		{B2C51703-6A7A-486D-B7B4-619440EC2FBC}.Release|Any CPU.ActiveCfg = Release|Any CPU
		{B2C51703-6A7A-486D-B7B4-619440EC2FBC}.Release|Any CPU.Build.0 = Release|Any CPU
		{B2C51703-6A7A-486D-B7B4-619440EC2FBC}.Release|x64.ActiveCfg = Release|Any CPU
		{B2C51703-6A7A-486D-B7B4-619440EC2FBC}.Release|x64.Build.0 = Release|Any CPU
		{B2C51703-6A7A-486D-B7B4-619440EC2FBC}.Release|x86.ActiveCfg = Release|Any CPU
		{B2C51703-6A7A-486D-B7B4-619440EC2FBC}.Release|x86.Build.0 = Release|Any CPU
		{7B91B65D-2C6D-4FEF-B484-005757723D47}.Debug|Any CPU.ActiveCfg = Debug|x64
		{7B91B65D-2C6D-4FEF-B484-005757723D47}.Debug|Any CPU.Build.0 = Debug|x64
		{7B91B65D-2C6D-4FEF-B484-005757723D47}.Debug|x64.ActiveCfg = Debug|x64
		{7B91B65D-2C6D-4FEF-B484-005757723D47}.Debug|x64.Build.0 = Debug|x64
		{7B91B65D-2C6D-4FEF-B484-005757723D47}.Debug|x86.ActiveCfg = Debug|Win32
		{7B91B65D-2C6D-4FEF-B484-005757723D47}.Debug|x86.Build.0 = Debug|Win32
		{7B91B65D-2C6D-4FEF-B484-005757723D47}.Release|Any CPU.ActiveCfg = Release|x64
		{7B91B65D-2C6D-4FEF-B484-005757723D47}.Release|Any CPU.Build.0 = Release|x64
		{7B91B65D-2C6D-4FEF-B484-005757723D47}.Release|x64.ActiveCfg = Release|x64
		{7B91B65D-2C6D-4FEF-B484-005757723D47}.Release|x64.Build.0 = Release|x64
		{7B91B65D-2C6D-4FEF-B484-005757723D47}.Release|x86.ActiveCfg = Release|Win32
		{7B91B65D-2C6D-4FEF-B484-005757723D47}.Release|x86.Build.0 = Release|Win32
		{6CC1CAEC-9685-46FF-9051-1AA204F610FB}.Debug|Any CPU.ActiveCfg = Debug|Any CPU
		{6CC1CAEC-9685-46FF-9051-1AA204F610FB}.Debug|Any CPU.Build.0 = Debug|Any CPU
		{6CC1CAEC-9685-46FF-9051-1AA204F610FB}.Debug|x64.ActiveCfg = Debug|Any CPU
		{6CC1CAEC-9685-46FF-9051-1AA204F610FB}.Debug|x64.Build.0 = Debug|Any CPU
		{6CC1CAEC-9685-46FF-9051-1AA204F610FB}.Debug|x86.ActiveCfg = Debug|Any CPU
		{6CC1CAEC-9685-46FF-9051-1AA204F610FB}.Debug|x86.Build.0 = Debug|Any CPU
		{6CC1CAEC-9685-46FF-9051-1AA204F610FB}.Release|Any CPU.ActiveCfg = Release|Any CPU
		{6CC1CAEC-9685-46FF-9051-1AA204F610FB}.Release|Any CPU.Build.0 = Release|Any CPU
		{6CC1CAEC-9685-46FF-9051-1AA204F610FB}.Release|x64.ActiveCfg = Release|Any CPU
		{6CC1CAEC-9685-46FF-9051-1AA204F610FB}.Release|x64.Build.0 = Release|Any CPU
		{6CC1CAEC-9685-46FF-9051-1AA204F610FB}.Release|x86.ActiveCfg = Release|Any CPU
		{6CC1CAEC-9685-46FF-9051-1AA204F610FB}.Release|x86.Build.0 = Release|Any CPU
		{C2124358-1370-4A18-81BD-63B803F371D0}.Debug|Any CPU.ActiveCfg = Debug|Any CPU
		{C2124358-1370-4A18-81BD-63B803F371D0}.Debug|Any CPU.Build.0 = Debug|Any CPU
		{C2124358-1370-4A18-81BD-63B803F371D0}.Debug|x64.ActiveCfg = Debug|Any CPU
		{C2124358-1370-4A18-81BD-63B803F371D0}.Debug|x64.Build.0 = Debug|Any CPU
		{C2124358-1370-4A18-81BD-63B803F371D0}.Debug|x86.ActiveCfg = Debug|Any CPU
		{C2124358-1370-4A18-81BD-63B803F371D0}.Debug|x86.Build.0 = Debug|Any CPU
		{C2124358-1370-4A18-81BD-63B803F371D0}.Release|Any CPU.ActiveCfg = Release|Any CPU
		{C2124358-1370-4A18-81BD-63B803F371D0}.Release|Any CPU.Build.0 = Release|Any CPU
		{C2124358-1370-4A18-81BD-63B803F371D0}.Release|x64.ActiveCfg = Release|Any CPU
		{C2124358-1370-4A18-81BD-63B803F371D0}.Release|x64.Build.0 = Release|Any CPU
		{C2124358-1370-4A18-81BD-63B803F371D0}.Release|x86.ActiveCfg = Release|Any CPU
		{C2124358-1370-4A18-81BD-63B803F371D0}.Release|x86.Build.0 = Release|Any CPU
	EndGlobalSection
	GlobalSection(SolutionProperties) = preSolution
		HideSolutionNode = FALSE
	EndGlobalSection
	GlobalSection(ExtensibilityGlobals) = postSolution
		SolutionGuid = {99194A14-2C2F-4C15-84FE-0839F6AE2A07}
	EndGlobalSection
EndGlobal
